{
  "requires": true,
  "lockfileVersion": 1,
  "dependencies": {
    "primeng": {
      "version": "10.0.3",
      "resolved": "https://registry.npmjs.org/primeng/-/primeng-10.0.3.tgz",
      "integrity": "sha512-Nsiwpmy3RlFPBlxabdzeAYxFn4fXEyZjj7iAi1X5J4RRGD7NoB67+NbnOInE1rXTnNVHYxCca91OvaNiHSWWrg==",
      "requires": {
        "tslib": "^2.0.0"
      }
    },
    "tslib": {
      "version": "2.0.3",
      "resolved": "https://registry.npmjs.org/tslib/-/tslib-2.0.3.tgz",
      "integrity": "sha512-uZtkfKblCEQtZKBF6EBXVZeQNl82yqtDQdv+eck8u7tdPxjLu2/lp5/uPW+um2tpuxINHWy3GhiccY7QgEaVHQ=="
    }
  }
}
